
Microsoft Visual Studio Solution File, Format Version 12.00
# Visual Studio Version 16
VisualStudioVersion = 16.0.31515.178
MinimumVisualStudioVersion = 10.0.40219.1
Project("{FAE04EC0-301F-11D3-BF4B-00C04F79EFBC}") = "CafeUI", "CafeUI.csproj", "{C8A45B38-4570-4E84-86F8-479C0EDBF041}"
EndProject
Project("{FAE04EC0-301F-11D3-BF4B-00C04F79EFBC}") = "CafeRepo", "..\CafeRepo\CafeRepo.csproj", "{C834F0F1-B7FB-4A8B-A937-8525AD4F2DDB}"
EndProject
Project("{FAE04EC0-301F-11D3-BF4B-00C04F79EFBC}") = "CafeTest", "..\CafeTest\CafeTest.csproj", "{BF4589A7-83B0-4B53-9143-89DCF2860FCB}"
EndProject
Project("{FAE04EC0-301F-11D3-BF4B-00C04F79EFBC}") = "BadgeRepo", "..\BadgesClass\BadgeRepo.csproj", "{A9F06120-6EB7-4EF9-882D-5C740A726E12}"
EndProject
Project("{FAE04EC0-301F-11D3-BF4B-00C04F79EFBC}") = "BadgeUI", "..\BadgeUI\BadgeUI.csproj", "{4C8E775A-0094-4274-AABC-F573AE188696}"
EndProject
Project("{FAE04EC0-301F-11D3-BF4B-00C04F79EFBC}") = "BadgeTest", "..\BadgeTest\BadgeTest.csproj", "{CA74CA88-D448-4B2A-9D57-D12838D536FB}"
EndProject
Global
	GlobalSection(SolutionConfigurationPlatforms) = preSolution
		Debug|Any CPU = Debug|Any CPU
		Release|Any CPU = Release|Any CPU
	EndGlobalSection
	GlobalSection(ProjectConfigurationPlatforms) = postSolution
		{C8A45B38-4570-4E84-86F8-479C0EDBF041}.Debug|Any CPU.ActiveCfg = Debug|Any CPU
		{C8A45B38-4570-4E84-86F8-479C0EDBF041}.Debug|Any CPU.Build.0 = Debug|Any CPU
		{C8A45B38-4570-4E84-86F8-479C0EDBF041}.Release|Any CPU.ActiveCfg = Release|Any CPU
		{C8A45B38-4570-4E84-86F8-479C0EDBF041}.Release|Any CPU.Build.0 = Release|Any CPU
		{C834F0F1-B7FB-4A8B-A937-8525AD4F2DDB}.Debug|Any CPU.ActiveCfg = Debug|Any CPU
		{C834F0F1-B7FB-4A8B-A937-8525AD4F2DDB}.Debug|Any CPU.Build.0 = Debug|Any CPU
		{C834F0F1-B7FB-4A8B-A937-8525AD4F2DDB}.Release|Any CPU.ActiveCfg = Release|Any CPU
		{C834F0F1-B7FB-4A8B-A937-8525AD4F2DDB}.Release|Any CPU.Build.0 = Release|Any CPU
		{BF4589A7-83B0-4B53-9143-89DCF2860FCB}.Debug|Any CPU.ActiveCfg = Debug|Any CPU
		{BF4589A7-83B0-4B53-9143-89DCF2860FCB}.Debug|Any CPU.Build.0 = Debug|Any CPU
		{BF4589A7-83B0-4B53-9143-89DCF2860FCB}.Release|Any CPU.ActiveCfg = Release|Any CPU
		{BF4589A7-83B0-4B53-9143-89DCF2860FCB}.Release|Any CPU.Build.0 = Release|Any CPU
		{A9F06120-6EB7-4EF9-882D-5C740A726E12}.Debug|Any CPU.ActiveCfg = Debug|Any CPU
		{A9F06120-6EB7-4EF9-882D-5C740A726E12}.Debug|Any CPU.Build.0 = Debug|Any CPU
		{A9F06120-6EB7-4EF9-882D-5C740A726E12}.Release|Any CPU.ActiveCfg = Release|Any CPU
		{A9F06120-6EB7-4EF9-882D-5C740A726E12}.Release|Any CPU.Build.0 = Release|Any CPU
		{4C8E775A-0094-4274-AABC-F573AE188696}.Debug|Any CPU.ActiveCfg = Debug|Any CPU
		{4C8E775A-0094-4274-AABC-F573AE188696}.Debug|Any CPU.Build.0 = Debug|Any CPU
		{4C8E775A-0094-4274-AABC-F573AE188696}.Release|Any CPU.ActiveCfg = Release|Any CPU
		{4C8E775A-0094-4274-AABC-F573AE188696}.Release|Any CPU.Build.0 = Release|Any CPU
		{CA74CA88-D448-4B2A-9D57-D12838D536FB}.Debug|Any CPU.ActiveCfg = Debug|Any CPU
		{CA74CA88-D448-4B2A-9D57-D12838D536FB}.Debug|Any CPU.Build.0 = Debug|Any CPU
		{CA74CA88-D448-4B2A-9D57-D12838D536FB}.Release|Any CPU.ActiveCfg = Release|Any CPU
		{CA74CA88-D448-4B2A-9D57-D12838D536FB}.Release|Any CPU.Build.0 = Release|Any CPU
	EndGlobalSection
	GlobalSection(SolutionProperties) = preSolution
		HideSolutionNode = FALSE
	EndGlobalSection
	GlobalSection(ExtensibilityGlobals) = postSolution
		SolutionGuid = {D08F6048-48D3-4E9A-845A-FBD650408C7E}
	EndGlobalSection
EndGlobal
